
Microsoft Visual Studio Solution File, Format Version 12.00
# Visual Studio 15
VisualStudioVersion = 15.0.26124.0
MinimumVisualStudioVersion = 15.0.26124.0
Project("{2150E333-8FDC-42A3-9474-1A3956D46DE8}") = "01.CL.WebApi", "01.CL.WebApi", "{94BC14BD-4A55-4E25-BBE6-1442A783A8CB}"
EndProject
Project("{FAE04EC0-301F-11D3-BF4B-00C04F79EFBC}") = "CL.WebApi", "01.CL.WebApi\CL.WebApi\CL.WebApi.csproj", "{9ACAC18C-0C1F-42BB-8821-C8EF6DEA37BB}"
EndProject
Project("{2150E333-8FDC-42A3-9474-1A3956D46DE8}") = "02.CL.Manager", "02.CL.Manager", "{BC843A7D-31FC-4B39-AA5A-1FF3F520FCE4}"
EndProject
Project("{FAE04EC0-301F-11D3-BF4B-00C04F79EFBC}") = "CL.Manager", "02.CL.Manager\CL.Manager\CL.Manager.csproj", "{E1F08CFE-6AC6-46A7-ACBD-40AC7A0D30C3}"
EndProject
Project("{2150E333-8FDC-42A3-9474-1A3956D46DE8}") = "03.CL.Data", "03.CL.Data", "{879B6B57-19EA-48D3-A785-8AE08B280B74}"
EndProject
Project("{FAE04EC0-301F-11D3-BF4B-00C04F79EFBC}") = "CL.Data", "03.CL.Data\CL.Data\CL.Data.csproj", "{9E8D124E-C5D3-4A46-85A7-7F7190FA22E4}"
EndProject
Project("{2150E333-8FDC-42A3-9474-1A3956D46DE8}") = "04.CL.Core", "04.CL.Core", "{F9E7DCD2-C329-4312-8DB1-F753131658F7}"
EndProject
Project("{FAE04EC0-301F-11D3-BF4B-00C04F79EFBC}") = "CL.Core", "04.CL.Core\CL.Core\CL.Core.csproj", "{F7AA1CEA-716E-4169-99F9-3E7BAB5B6D8B}"
EndProject
Project("{2150E333-8FDC-42A3-9474-1A3956D46DE8}") = "05.CL.Tests", "05.CL.Tests", "{4FC5657B-8246-4F47-8C1C-379E76B09B58}"
EndProject
Project("{FAE04EC0-301F-11D3-BF4B-00C04F79EFBC}") = "CL.Tests", "05.CL.Tests\CL.Tests\CL.Tests.csproj", "{0278D336-15CF-4FCD-AE40-7FDA113FA0C7}"
EndProject
Global
	GlobalSection(SolutionConfigurationPlatforms) = preSolution
		Debug|Any CPU = Debug|Any CPU
		Debug|x64 = Debug|x64
		Debug|x86 = Debug|x86
		Release|Any CPU = Release|Any CPU
		Release|x64 = Release|x64
		Release|x86 = Release|x86
	EndGlobalSection
	GlobalSection(SolutionProperties) = preSolution
		HideSolutionNode = FALSE
	EndGlobalSection
	GlobalSection(ProjectConfigurationPlatforms) = postSolution
		{9ACAC18C-0C1F-42BB-8821-C8EF6DEA37BB}.Debug|Any CPU.ActiveCfg = Debug|Any CPU
		{9ACAC18C-0C1F-42BB-8821-C8EF6DEA37BB}.Debug|Any CPU.Build.0 = Debug|Any CPU
		{9ACAC18C-0C1F-42BB-8821-C8EF6DEA37BB}.Debug|x64.ActiveCfg = Debug|Any CPU
		{9ACAC18C-0C1F-42BB-8821-C8EF6DEA37BB}.Debug|x64.Build.0 = Debug|Any CPU
		{9ACAC18C-0C1F-42BB-8821-C8EF6DEA37BB}.Debug|x86.ActiveCfg = Debug|Any CPU
		{9ACAC18C-0C1F-42BB-8821-C8EF6DEA37BB}.Debug|x86.Build.0 = Debug|Any CPU
		{9ACAC18C-0C1F-42BB-8821-C8EF6DEA37BB}.Release|Any CPU.ActiveCfg = Release|Any CPU
		{9ACAC18C-0C1F-42BB-8821-C8EF6DEA37BB}.Release|Any CPU.Build.0 = Release|Any CPU
		{9ACAC18C-0C1F-42BB-8821-C8EF6DEA37BB}.Release|x64.ActiveCfg = Release|Any CPU
		{9ACAC18C-0C1F-42BB-8821-C8EF6DEA37BB}.Release|x64.Build.0 = Release|Any CPU
		{9ACAC18C-0C1F-42BB-8821-C8EF6DEA37BB}.Release|x86.ActiveCfg = Release|Any CPU
		{9ACAC18C-0C1F-42BB-8821-C8EF6DEA37BB}.Release|x86.Build.0 = Release|Any CPU
		{E1F08CFE-6AC6-46A7-ACBD-40AC7A0D30C3}.Debug|Any CPU.ActiveCfg = Debug|Any CPU
		{E1F08CFE-6AC6-46A7-ACBD-40AC7A0D30C3}.Debug|Any CPU.Build.0 = Debug|Any CPU
		{E1F08CFE-6AC6-46A7-ACBD-40AC7A0D30C3}.Debug|x64.ActiveCfg = Debug|Any CPU
		{E1F08CFE-6AC6-46A7-ACBD-40AC7A0D30C3}.Debug|x64.Build.0 = Debug|Any CPU
		{E1F08CFE-6AC6-46A7-ACBD-40AC7A0D30C3}.Debug|x86.ActiveCfg = Debug|Any CPU
		{E1F08CFE-6AC6-46A7-ACBD-40AC7A0D30C3}.Debug|x86.Build.0 = Debug|Any CPU
		{E1F08CFE-6AC6-46A7-ACBD-40AC7A0D30C3}.Release|Any CPU.ActiveCfg = Release|Any CPU
		{E1F08CFE-6AC6-46A7-ACBD-40AC7A0D30C3}.Release|Any CPU.Build.0 = Release|Any CPU
		{E1F08CFE-6AC6-46A7-ACBD-40AC7A0D30C3}.Release|x64.ActiveCfg = Release|Any CPU
		{E1F08CFE-6AC6-46A7-ACBD-40AC7A0D30C3}.Release|x64.Build.0 = Release|Any CPU
		{E1F08CFE-6AC6-46A7-ACBD-40AC7A0D30C3}.Release|x86.ActiveCfg = Release|Any CPU
		{E1F08CFE-6AC6-46A7-ACBD-40AC7A0D30C3}.Release|x86.Build.0 = Release|Any CPU
		{9E8D124E-C5D3-4A46-85A7-7F7190FA22E4}.Debug|Any CPU.ActiveCfg = Debug|Any CPU
		{9E8D124E-C5D3-4A46-85A7-7F7190FA22E4}.Debug|Any CPU.Build.0 = Debug|Any CPU
		{9E8D124E-C5D3-4A46-85A7-7F7190FA22E4}.Debug|x64.ActiveCfg = Debug|Any CPU
		{9E8D124E-C5D3-4A46-85A7-7F7190FA22E4}.Debug|x64.Build.0 = Debug|Any CPU
		{9E8D124E-C5D3-4A46-85A7-7F7190FA22E4}.Debug|x86.ActiveCfg = Debug|Any CPU
		{9E8D124E-C5D3-4A46-85A7-7F7190FA22E4}.Debug|x86.Build.0 = Debug|Any CPU
		{9E8D124E-C5D3-4A46-85A7-7F7190FA22E4}.Release|Any CPU.ActiveCfg = Release|Any CPU
		{9E8D124E-C5D3-4A46-85A7-7F7190FA22E4}.Release|Any CPU.Build.0 = Release|Any CPU
		{9E8D124E-C5D3-4A46-85A7-7F7190FA22E4}.Release|x64.ActiveCfg = Release|Any CPU
		{9E8D124E-C5D3-4A46-85A7-7F7190FA22E4}.Release|x64.Build.0 = Release|Any CPU
		{9E8D124E-C5D3-4A46-85A7-7F7190FA22E4}.Release|x86.ActiveCfg = Release|Any CPU
		{9E8D124E-C5D3-4A46-85A7-7F7190FA22E4}.Release|x86.Build.0 = Release|Any CPU
		{F7AA1CEA-716E-4169-99F9-3E7BAB5B6D8B}.Debug|Any CPU.ActiveCfg = Debug|Any CPU
		{F7AA1CEA-716E-4169-99F9-3E7BAB5B6D8B}.Debug|Any CPU.Build.0 = Debug|Any CPU
		{F7AA1CEA-716E-4169-99F9-3E7BAB5B6D8B}.Debug|x64.ActiveCfg = Debug|Any CPU
		{F7AA1CEA-716E-4169-99F9-3E7BAB5B6D8B}.Debug|x64.Build.0 = Debug|Any CPU
		{F7AA1CEA-716E-4169-99F9-3E7BAB5B6D8B}.Debug|x86.ActiveCfg = Debug|Any CPU
		{F7AA1CEA-716E-4169-99F9-3E7BAB5B6D8B}.Debug|x86.Build.0 = Debug|Any CPU
		{F7AA1CEA-716E-4169-99F9-3E7BAB5B6D8B}.Release|Any CPU.ActiveCfg = Release|Any CPU
		{F7AA1CEA-716E-4169-99F9-3E7BAB5B6D8B}.Release|Any CPU.Build.0 = Release|Any CPU
		{F7AA1CEA-716E-4169-99F9-3E7BAB5B6D8B}.Release|x64.ActiveCfg = Release|Any CPU
		{F7AA1CEA-716E-4169-99F9-3E7BAB5B6D8B}.Release|x64.Build.0 = Release|Any CPU
		{F7AA1CEA-716E-4169-99F9-3E7BAB5B6D8B}.Release|x86.ActiveCfg = Release|Any CPU
		{F7AA1CEA-716E-4169-99F9-3E7BAB5B6D8B}.Release|x86.Build.0 = Release|Any CPU
		{0278D336-15CF-4FCD-AE40-7FDA113FA0C7}.Debug|Any CPU.ActiveCfg = Debug|Any CPU
		{0278D336-15CF-4FCD-AE40-7FDA113FA0C7}.Debug|Any CPU.Build.0 = Debug|Any CPU
		{0278D336-15CF-4FCD-AE40-7FDA113FA0C7}.Debug|x64.ActiveCfg = Debug|Any CPU
		{0278D336-15CF-4FCD-AE40-7FDA113FA0C7}.Debug|x64.Build.0 = Debug|Any CPU
		{0278D336-15CF-4FCD-AE40-7FDA113FA0C7}.Debug|x86.ActiveCfg = Debug|Any CPU
		{0278D336-15CF-4FCD-AE40-7FDA113FA0C7}.Debug|x86.Build.0 = Debug|Any CPU
		{0278D336-15CF-4FCD-AE40-7FDA113FA0C7}.Release|Any CPU.ActiveCfg = Release|Any CPU
		{0278D336-15CF-4FCD-AE40-7FDA113FA0C7}.Release|Any CPU.Build.0 = Release|Any CPU
		{0278D336-15CF-4FCD-AE40-7FDA113FA0C7}.Release|x64.ActiveCfg = Release|Any CPU
		{0278D336-15CF-4FCD-AE40-7FDA113FA0C7}.Release|x64.Build.0 = Release|Any CPU
		{0278D336-15CF-4FCD-AE40-7FDA113FA0C7}.Release|x86.ActiveCfg = Release|Any CPU
		{0278D336-15CF-4FCD-AE40-7FDA113FA0C7}.Release|x86.Build.0 = Release|Any CPU
	EndGlobalSection
	GlobalSection(NestedProjects) = preSolution
		{9ACAC18C-0C1F-42BB-8821-C8EF6DEA37BB} = {94BC14BD-4A55-4E25-BBE6-1442A783A8CB}
		{E1F08CFE-6AC6-46A7-ACBD-40AC7A0D30C3} = {BC843A7D-31FC-4B39-AA5A-1FF3F520FCE4}
		{9E8D124E-C5D3-4A46-85A7-7F7190FA22E4} = {879B6B57-19EA-48D3-A785-8AE08B280B74}
		{F7AA1CEA-716E-4169-99F9-3E7BAB5B6D8B} = {F9E7DCD2-C329-4312-8DB1-F753131658F7}
		{0278D336-15CF-4FCD-AE40-7FDA113FA0C7} = {4FC5657B-8246-4F47-8C1C-379E76B09B58}
	EndGlobalSection
EndGlobal
